
Microsoft Visual Studio Solution File, Format Version 12.00
Project("{FAE04EC0-301F-11D3-BF4B-00C04F79EFBC}") = "TestCaseApp", "TestCaseApp\TestCaseApp.csproj", "{3074C779-2162-4B0C-AB26-8D81AA4E855C}"
EndProject
Project("{FAE04EC0-301F-11D3-BF4B-00C04F79EFBC}") = "TestCaseApp.Tests", "TestCaseApp.Tests\TestCaseApp.Tests.csproj", "{738A8C3F-7C78-42F7-9175-381A39C4B189}"
EndProject
Global
	GlobalSection(SolutionConfigurationPlatforms) = preSolution
		Debug|Any CPU = Debug|Any CPU
		Release|Any CPU = Release|Any CPU
	EndGlobalSection
	GlobalSection(ProjectConfigurationPlatforms) = postSolution
		{3074C779-2162-4B0C-AB26-8D81AA4E855C}.Debug|Any CPU.ActiveCfg = Debug|Any CPU
		{3074C779-2162-4B0C-AB26-8D81AA4E855C}.Debug|Any CPU.Build.0 = Debug|Any CPU
		{3074C779-2162-4B0C-AB26-8D81AA4E855C}.Release|Any CPU.ActiveCfg = Release|Any CPU
		{3074C779-2162-4B0C-AB26-8D81AA4E855C}.Release|Any CPU.Build.0 = Release|Any CPU
		{738A8C3F-7C78-42F7-9175-381A39C4B189}.Debug|Any CPU.ActiveCfg = Debug|Any CPU
		{738A8C3F-7C78-42F7-9175-381A39C4B189}.Debug|Any CPU.Build.0 = Debug|Any CPU
		{738A8C3F-7C78-42F7-9175-381A39C4B189}.Release|Any CPU.ActiveCfg = Release|Any CPU
		{738A8C3F-7C78-42F7-9175-381A39C4B189}.Release|Any CPU.Build.0 = Release|Any CPU
	EndGlobalSection
EndGlobal
